
Microsoft Visual Studio Solution File, Format Version 12.00
# Visual Studio Version 16
VisualStudioVersion = 16.0.30225.117
MinimumVisualStudioVersion = 10.0.40219.1
Project("{9A19103F-16F7-4668-BE54-9A1E7A4F7556}") = "Basics", "Basics\Basics.csproj", "{520C8383-824D-4565-9A13-47699BB17A49}"
EndProject
Project("{9A19103F-16F7-4668-BE54-9A1E7A4F7556}") = "IdentityExample", "IdentityExample\IdentityExample.csproj", "{30754F60-1B87-4E11-9665-688677FAB073}"
EndProject
Project("{2150E333-8FDC-42A3-9474-1A3956D46DE8}") = "Basic", "Basic", "{5867F0CD-5F1B-490F-B1E3-D1EA81FD27A3}"
EndProject
Project("{2150E333-8FDC-42A3-9474-1A3956D46DE8}") = "oauth", "oauth", "{6D7E1064-8551-4BDD-995B-87A40E58C007}"
EndProject
Project("{FAE04EC0-301F-11D3-BF4B-00C04F79EFBC}") = "Server", "Server\Server.csproj", "{668DB60F-F901-4861-9F2A-41D095CFBC48}"
EndProject
Project("{FAE04EC0-301F-11D3-BF4B-00C04F79EFBC}") = "Client", "Client\Client.csproj", "{6C9BB31A-FFE0-4664-9CA8-C7831B7AA785}"
EndProject
Project("{FAE04EC0-301F-11D3-BF4B-00C04F79EFBC}") = "Api", "Api\Api.csproj", "{85A03961-75C8-41D8-9A0E-4424FDA02992}"
EndProject
Global
	GlobalSection(SolutionConfigurationPlatforms) = preSolution
		Debug|Any CPU = Debug|Any CPU
		Release|Any CPU = Release|Any CPU
	EndGlobalSection
	GlobalSection(ProjectConfigurationPlatforms) = postSolution
		{520C8383-824D-4565-9A13-47699BB17A49}.Debug|Any CPU.ActiveCfg = Debug|Any CPU
		{520C8383-824D-4565-9A13-47699BB17A49}.Debug|Any CPU.Build.0 = Debug|Any CPU
		{520C8383-824D-4565-9A13-47699BB17A49}.Release|Any CPU.ActiveCfg = Release|Any CPU
		{520C8383-824D-4565-9A13-47699BB17A49}.Release|Any CPU.Build.0 = Release|Any CPU
		{30754F60-1B87-4E11-9665-688677FAB073}.Debug|Any CPU.ActiveCfg = Debug|Any CPU
		{30754F60-1B87-4E11-9665-688677FAB073}.Debug|Any CPU.Build.0 = Debug|Any CPU
		{30754F60-1B87-4E11-9665-688677FAB073}.Release|Any CPU.ActiveCfg = Release|Any CPU
		{30754F60-1B87-4E11-9665-688677FAB073}.Release|Any CPU.Build.0 = Release|Any CPU
		{668DB60F-F901-4861-9F2A-41D095CFBC48}.Debug|Any CPU.ActiveCfg = Debug|Any CPU
		{668DB60F-F901-4861-9F2A-41D095CFBC48}.Debug|Any CPU.Build.0 = Debug|Any CPU
		{668DB60F-F901-4861-9F2A-41D095CFBC48}.Release|Any CPU.ActiveCfg = Release|Any CPU
		{668DB60F-F901-4861-9F2A-41D095CFBC48}.Release|Any CPU.Build.0 = Release|Any CPU
		{6C9BB31A-FFE0-4664-9CA8-C7831B7AA785}.Debug|Any CPU.ActiveCfg = Debug|Any CPU
		{6C9BB31A-FFE0-4664-9CA8-C7831B7AA785}.Debug|Any CPU.Build.0 = Debug|Any CPU
		{6C9BB31A-FFE0-4664-9CA8-C7831B7AA785}.Release|Any CPU.ActiveCfg = Release|Any CPU
		{6C9BB31A-FFE0-4664-9CA8-C7831B7AA785}.Release|Any CPU.Build.0 = Release|Any CPU
		{85A03961-75C8-41D8-9A0E-4424FDA02992}.Debug|Any CPU.ActiveCfg = Debug|Any CPU
		{85A03961-75C8-41D8-9A0E-4424FDA02992}.Debug|Any CPU.Build.0 = Debug|Any CPU
		{85A03961-75C8-41D8-9A0E-4424FDA02992}.Release|Any CPU.ActiveCfg = Release|Any CPU
		{85A03961-75C8-41D8-9A0E-4424FDA02992}.Release|Any CPU.Build.0 = Release|Any CPU
	EndGlobalSection
	GlobalSection(SolutionProperties) = preSolution
		HideSolutionNode = FALSE
	EndGlobalSection
	GlobalSection(NestedProjects) = preSolution
		{520C8383-824D-4565-9A13-47699BB17A49} = {5867F0CD-5F1B-490F-B1E3-D1EA81FD27A3}
		{30754F60-1B87-4E11-9665-688677FAB073} = {5867F0CD-5F1B-490F-B1E3-D1EA81FD27A3}
		{668DB60F-F901-4861-9F2A-41D095CFBC48} = {6D7E1064-8551-4BDD-995B-87A40E58C007}
		{6C9BB31A-FFE0-4664-9CA8-C7831B7AA785} = {6D7E1064-8551-4BDD-995B-87A40E58C007}
		{85A03961-75C8-41D8-9A0E-4424FDA02992} = {6D7E1064-8551-4BDD-995B-87A40E58C007}
	EndGlobalSection
	GlobalSection(ExtensibilityGlobals) = postSolution
		SolutionGuid = {932371C3-979B-48F3-BFC3-6E0546DF57C9}
	EndGlobalSection
EndGlobal
